{
  "version": 4,
  "terraform_version": "0.13.1",
  "serial": 80,
  "lineage": "c7443b1d-b394-7a12-4e66-e642369d8652",
  "outputs": {},
  "resources": [
    {
      "mode": "data",
      "type": "aws_caller_identity",
      "name": "current",
      "provider": "provider[\"registry.terraform.io/hashicorp/aws\"]",
      "instances": [
        {
          "schema_version": 0,
          "attributes": {
            "account_id": "991782502676",
            "arn": "arn:aws:iam::991782502676:root",
            "id": "2020-09-29 10:56:46.262713432 +0000 UTC",
            "user_id": "991782502676"
          }
        }
      ]
    },
    {
      "module": "module.bookings",
      "mode": "managed",
      "type": "aws_dynamodb_table",
      "name": "bookings",
      "provider": "provider[\"registry.terraform.io/hashicorp/aws\"]",
      "instances": [
        {
          "schema_version": 1,
          "attributes": {
            "arn": "arn:aws:dynamodb:us-east-1:991782502676:table/dev-bookings",
            "attribute": [
              {
                "name": "id",
                "type": "S"
              }
            ],
            "billing_mode": "PROVISIONED",
            "global_secondary_index": [],
            "hash_key": "id",
            "id": "dev-bookings",
            "local_secondary_index": [],
            "name": "dev-bookings",
            "point_in_time_recovery": [
              {
                "enabled": false
              }
            ],
            "range_key": null,
            "read_capacity": 1,
            "replica": [],
            "server_side_encryption": [],
            "stream_arn": "arn:aws:dynamodb:us-east-1:991782502676:table/dev-bookings/stream/2020-09-27T18:38:31.487",
            "stream_enabled": true,
            "stream_label": "2020-09-27T18:38:31.487",
            "stream_view_type": "NEW_IMAGE",
            "tags": {},
            "timeouts": null,
            "ttl": [
              {
                "attribute_name": "",
                "enabled": false
              }
            ],
            "write_capacity": 1
          },
          "private": "eyJlMmJmYjczMC1lY2FhLTExZTYtOGY4OC0zNDM2M2JjN2M0YzAiOnsiY3JlYXRlIjo2MDAwMDAwMDAwMDAsImRlbGV0ZSI6NjAwMDAwMDAwMDAwLCJ1cGRhdGUiOjM2MDAwMDAwMDAwMDB9LCJzY2hlbWFfdmVyc2lvbiI6IjEifQ=="
        }
      ]
    },
    {
      "module": "module.bookings",
      "mode": "managed",
      "type": "aws_iam_policy",
      "name": "bookings_stream_consumer_policy",
      "provider": "provider[\"registry.terraform.io/hashicorp/aws\"]",
      "instances": [
        {
          "schema_version": 0,
          "attributes": {
            "arn": "arn:aws:iam::991782502676:policy/dev-bookings-stream-consumer-policy",
            "description": "",
            "id": "arn:aws:iam::991782502676:policy/dev-bookings-stream-consumer-policy",
            "name": "dev-bookings-stream-consumer-policy",
            "name_prefix": null,
            "path": "/",
            "policy": "{\n  \"Version\": \"2012-10-17\",\n  \"Statement\": [\n    {\n      \"Action\": [\n        \"dynamodb:DescribeStream\",\"dynamodb:GetRecords\",\"dynamodb:GetShardIterator\",\"dynamodb:ListStreams\"\n      ],\n      \"Effect\": \"Allow\",\n      \"Resource\": \"arn:aws:dynamodb:us-east-1:991782502676:table/dev-bookings/stream/2020-09-27T18:38:31.487\"\n    },\n    {\n            \"Effect\": \"Allow\",\n            \"Action\": [\n                \"logs:CreateLogGroup\",\n                \"logs:CreateLogStream\",\n                \"logs:PutLogEvents\"\n            ],\n            \"Resource\": \"*\"\n    }\n    \n    , {\n      \"Action\": [\n        \"sns:Publish\"\n      ],\n      \"Effect\": \"Allow\",\n      \"Resource\": \"arn:aws:sns:us-east-1:991782502676:dev-notifications\"\n    }\n    \n  ]\n} "
          },
          "private": "bnVsbA==",
          "dependencies": [
            "module.bookings.aws_dynamodb_table.bookings",
            "module.notifications.aws_sns_topic.notifications"
          ]
        }
      ]
    },
    {
      "module": "module.bookings",
      "mode": "managed",
      "type": "aws_iam_policy",
      "name": "create_booking_policy",
      "provider": "provider[\"registry.terraform.io/hashicorp/aws\"]",
      "instances": [
        {
          "schema_version": 0,
          "attributes": {
            "arn": "arn:aws:iam::991782502676:policy/dev-create-booking-policy",
            "description": "",
            "id": "arn:aws:iam::991782502676:policy/dev-create-booking-policy",
            "name": "dev-create-booking-policy",
            "name_prefix": null,
            "path": "/",
            "policy": "{\n  \"Version\": \"2012-10-17\",\n  \"Statement\": [\n    {\n      \"Action\": [\n        \"dynamodb:PutItem\"\n      ],\n      \"Effect\": \"Allow\",\n      \"Resource\": \"arn:aws:dynamodb:us-east-1:991782502676:table/dev-bookings\"\n    },\n    {\n            \"Effect\": \"Allow\",\n            \"Action\": [\n                \"logs:CreateLogGroup\",\n                \"logs:CreateLogStream\",\n                \"logs:PutLogEvents\"\n            ],\n            \"Resource\": \"*\"\n    }\n    \n  ]\n} "
          },
          "private": "bnVsbA==",
          "dependencies": [
            "module.bookings.aws_dynamodb_table.bookings"
          ]
        }
      ]
    },
    {
      "module": "module.bookings",
      "mode": "managed",
      "type": "aws_iam_policy",
      "name": "list_bookings_policy",
      "provider": "provider[\"registry.terraform.io/hashicorp/aws\"]",
      "instances": [
        {
          "schema_version": 0,
          "attributes": {
            "arn": "arn:aws:iam::991782502676:policy/dev-list-bookings-policy",
            "description": "",
            "id": "arn:aws:iam::991782502676:policy/dev-list-bookings-policy",
            "name": "dev-list-bookings-policy",
            "name_prefix": null,
            "path": "/",
            "policy": "{\n  \"Version\": \"2012-10-17\",\n  \"Statement\": [\n    {\n      \"Action\": [\n        \"dynamodb:Scan\"\n      ],\n      \"Effect\": \"Allow\",\n      \"Resource\": \"arn:aws:dynamodb:us-east-1:991782502676:table/dev-bookings\"\n    },\n    {\n            \"Effect\": \"Allow\",\n            \"Action\": [\n                \"logs:CreateLogGroup\",\n                \"logs:CreateLogStream\",\n                \"logs:PutLogEvents\"\n            ],\n            \"Resource\": \"*\"\n    }\n    \n  ]\n} "
          },
          "private": "bnVsbA==",
          "dependencies": [
            "module.bookings.aws_dynamodb_table.bookings"
          ]
        }
      ]
    },
    {
      "module": "module.bookings",
      "mode": "managed",
      "type": "aws_iam_policy_attachment",
      "name": "bookings_stream_consumer_policy_attachment",
      "provider": "provider[\"registry.terraform.io/hashicorp/aws\"]",
      "instances": [
        {
          "schema_version": 0,
          "attributes": {
            "groups": [],
            "id": "dev-bookings-stream-consumer-attachment",
            "name": "dev-bookings-stream-consumer-attachment",
            "policy_arn": "arn:aws:iam::991782502676:policy/dev-bookings-stream-consumer-policy",
            "roles": [
              "dev-bookings-stream-consumer-iam-role"
            ],
            "users": []
          },
          "private": "bnVsbA==",
          "dependencies": [
            "module.bookings.aws_dynamodb_table.bookings",
            "module.bookings.aws_iam_policy.bookings_stream_consumer_policy",
            "module.bookings.aws_iam_role.bookings_stream_consumer_iam_role",
            "module.notifications.aws_sns_topic.notifications"
          ]
        }
      ]
    },
    {
      "module": "module.bookings",
      "mode": "managed",
      "type": "aws_iam_policy_attachment",
      "name": "create_booking_policy_attachment",
      "provider": "provider[\"registry.terraform.io/hashicorp/aws\"]",
      "instances": [
        {
          "schema_version": 0,
          "attributes": {
            "groups": [],
            "id": "dev-create-booking-attachment",
            "name": "dev-create-booking-attachment",
            "policy_arn": "arn:aws:iam::991782502676:policy/dev-create-booking-policy",
            "roles": [
              "dev-create-booking-iam-role"
            ],
            "users": []
          },
          "private": "bnVsbA==",
          "dependencies": [
            "module.bookings.aws_dynamodb_table.bookings",
            "module.bookings.aws_iam_policy.create_booking_policy",
            "module.bookings.aws_iam_role.create_booking_iam_role"
          ]
        }
      ]
    },
    {
      "module": "module.bookings",
      "mode": "managed",
      "type": "aws_iam_policy_attachment",
      "name": "list_bookings_policy_attachment",
      "provider": "provider[\"registry.terraform.io/hashicorp/aws\"]",
      "instances": [
        {
          "schema_version": 0,
          "attributes": {
            "groups": [],
            "id": "dev-list-bookings-attachment",
            "name": "dev-list-bookings-attachment",
            "policy_arn": "arn:aws:iam::991782502676:policy/dev-list-bookings-policy",
            "roles": [
              "dev-list-bookings-iam-role"
            ],
            "users": []
          },
          "private": "bnVsbA==",
          "dependencies": [
            "module.bookings.aws_dynamodb_table.bookings",
            "module.bookings.aws_iam_policy.list_bookings_policy",
            "module.bookings.aws_iam_role.list_bookings_iam_role"
          ]
        }
      ]
    },
    {
      "module": "module.bookings",
      "mode": "managed",
      "type": "aws_iam_role",
      "name": "bookings_stream_consumer_iam_role",
      "provider": "provider[\"registry.terraform.io/hashicorp/aws\"]",
      "instances": [
        {
          "schema_version": 0,
          "attributes": {
            "arn": "arn:aws:iam::991782502676:role/dev-bookings-stream-consumer-iam-role",
            "assume_role_policy": "{\"Version\":\"2012-10-17\",\"Statement\":[{\"Sid\":\"\",\"Effect\":\"Allow\",\"Principal\":{\"Service\":\"lambda.amazonaws.com\"},\"Action\":\"sts:AssumeRole\"}]}",
            "create_date": "2020-09-27T18:31:38Z",
            "description": "",
            "force_detach_policies": false,
            "id": "dev-bookings-stream-consumer-iam-role",
            "max_session_duration": 3600,
            "name": "dev-bookings-stream-consumer-iam-role",
            "name_prefix": null,
            "path": "/",
            "permissions_boundary": null,
            "tags": {},
            "unique_id": "AROA6N2WYAEKLZSAKAEVL"
          },
          "private": "bnVsbA=="
        }
      ]
    },
    {
      "module": "module.bookings",
      "mode": "managed",
      "type": "aws_iam_role",
      "name": "create_booking_iam_role",
      "provider": "provider[\"registry.terraform.io/hashicorp/aws\"]",
      "instances": [
        {
          "schema_version": 0,
          "attributes": {
            "arn": "arn:aws:iam::991782502676:role/dev-create-booking-iam-role",
            "assume_role_policy": "{\"Version\":\"2012-10-17\",\"Statement\":[{\"Sid\":\"\",\"Effect\":\"Allow\",\"Principal\":{\"Service\":\"lambda.amazonaws.com\"},\"Action\":\"sts:AssumeRole\"}]}",
            "create_date": "2020-09-27T18:31:39Z",
            "description": "",
            "force_detach_policies": false,
            "id": "dev-create-booking-iam-role",
            "max_session_duration": 3600,
            "name": "dev-create-booking-iam-role",
            "name_prefix": null,
            "path": "/",
            "permissions_boundary": null,
            "tags": {},
            "unique_id": "AROA6N2WYAEKL54XS3USE"
          },
          "private": "bnVsbA=="
        }
      ]
    },
    {
      "module": "module.bookings",
      "mode": "managed",
      "type": "aws_iam_role",
      "name": "list_bookings_iam_role",
      "provider": "provider[\"registry.terraform.io/hashicorp/aws\"]",
      "instances": [
        {
          "schema_version": 0,
          "attributes": {
            "arn": "arn:aws:iam::991782502676:role/dev-list-bookings-iam-role",
            "assume_role_policy": "{\"Version\":\"2012-10-17\",\"Statement\":[{\"Sid\":\"\",\"Effect\":\"Allow\",\"Principal\":{\"Service\":\"lambda.amazonaws.com\"},\"Action\":\"sts:AssumeRole\"}]}",
            "create_date": "2020-09-27T18:31:38Z",
            "description": "",
            "force_detach_policies": false,
            "id": "dev-list-bookings-iam-role",
            "max_session_duration": 3600,
            "name": "dev-list-bookings-iam-role",
            "name_prefix": null,
            "path": "/",
            "permissions_boundary": null,
            "tags": {},
            "unique_id": "AROA6N2WYAEKB7HEIG4KD"
          },
          "private": "bnVsbA=="
        }
      ]
    },
    {
      "module": "module.bookings",
      "mode": "managed",
      "type": "aws_ssm_parameter",
      "name": "bookings_stream_consumer_iam_role",
      "provider": "provider[\"registry.terraform.io/hashicorp/aws\"]",
      "instances": [
        {
          "schema_version": 0,
          "attributes": {
            "allowed_pattern": "",
            "arn": "arn:aws:ssm:us-east-1:991782502676:parameter/dev-bookings-stream-consumer-iam-role",
            "data_type": "text",
            "description": "",
            "id": "dev-bookings-stream-consumer-iam-role",
            "key_id": "",
            "name": "dev-bookings-stream-consumer-iam-role",
            "overwrite": null,
            "tags": {},
            "tier": "Standard",
            "type": "String",
            "value": "arn:aws:iam::991782502676:role/dev-bookings-stream-consumer-iam-role",
            "version": 1
          },
          "private": "bnVsbA==",
          "dependencies": [
            "module.bookings.aws_iam_role.bookings_stream_consumer_iam_role"
          ]
        }
      ]
    },
    {
      "module": "module.bookings",
      "mode": "managed",
      "type": "aws_ssm_parameter",
      "name": "create_booking_iam_role",
      "provider": "provider[\"registry.terraform.io/hashicorp/aws\"]",
      "instances": [
        {
          "schema_version": 0,
          "attributes": {
            "allowed_pattern": "",
            "arn": "arn:aws:ssm:us-east-1:991782502676:parameter/dev-create-booking-iam-role",
            "data_type": "text",
            "description": "",
            "id": "dev-create-booking-iam-role",
            "key_id": "",
            "name": "dev-create-booking-iam-role",
            "overwrite": null,
            "tags": {},
            "tier": "Standard",
            "type": "String",
            "value": "arn:aws:iam::991782502676:role/dev-create-booking-iam-role",
            "version": 1
          },
          "private": "bnVsbA==",
          "dependencies": [
            "module.bookings.aws_iam_role.create_booking_iam_role"
          ]
        }
      ]
    },
    {
      "module": "module.bookings",
      "mode": "managed",
      "type": "aws_ssm_parameter",
      "name": "dynamodb_bookings_stream",
      "provider": "provider[\"registry.terraform.io/hashicorp/aws\"]",
      "instances": [
        {
          "schema_version": 0,
          "attributes": {
            "allowed_pattern": "",
            "arn": "arn:aws:ssm:us-east-1:991782502676:parameter/dev-dynamodb-bookings-stream",
            "data_type": "text",
            "description": "",
            "id": "dev-dynamodb-bookings-stream",
            "key_id": "",
            "name": "dev-dynamodb-bookings-stream",
            "overwrite": null,
            "tags": {},
            "tier": "Standard",
            "type": "String",
            "value": "arn:aws:dynamodb:us-east-1:991782502676:table/dev-bookings/stream/2020-09-27T18:38:31.487",
            "version": 1
          },
          "private": "bnVsbA==",
          "dependencies": [
            "module.bookings.aws_dynamodb_table.bookings"
          ]
        }
      ]
    },
    {
      "module": "module.bookings",
      "mode": "managed",
      "type": "aws_ssm_parameter",
      "name": "dynamodb_bookings_table",
      "provider": "provider[\"registry.terraform.io/hashicorp/aws\"]",
      "instances": [
        {
          "schema_version": 0,
          "attributes": {
            "allowed_pattern": "",
            "arn": "arn:aws:ssm:us-east-1:991782502676:parameter/dev-dynamodb-bookings-table",
            "data_type": "text",
            "description": "",
            "id": "dev-dynamodb-bookings-table",
            "key_id": "",
            "name": "dev-dynamodb-bookings-table",
            "overwrite": null,
            "tags": {},
            "tier": "Standard",
            "type": "String",
            "value": "dev-bookings",
            "version": 1
          },
          "private": "bnVsbA==",
          "dependencies": [
            "module.bookings.aws_dynamodb_table.bookings"
          ]
        }
      ]
    },
    {
      "module": "module.bookings",
      "mode": "managed",
      "type": "aws_ssm_parameter",
      "name": "list_bookings_iam_role",
      "provider": "provider[\"registry.terraform.io/hashicorp/aws\"]",
      "instances": [
        {
          "schema_version": 0,
          "attributes": {
            "allowed_pattern": "",
            "arn": "arn:aws:ssm:us-east-1:991782502676:parameter/dev-list-bookings-iam-role",
            "data_type": "text",
            "description": "",
            "id": "dev-list-bookings-iam-role",
            "key_id": "",
            "name": "dev-list-bookings-iam-role",
            "overwrite": null,
            "tags": {},
            "tier": "Standard",
            "type": "String",
            "value": "arn:aws:iam::991782502676:role/dev-list-bookings-iam-role",
            "version": 1
          },
          "private": "bnVsbA==",
          "dependencies": [
            "module.bookings.aws_iam_role.list_bookings_iam_role"
          ]
        }
      ]
    },
    {
      "module": "module.notifications",
      "mode": "managed",
      "type": "aws_iam_policy",
      "name": "email_policy",
      "provider": "provider[\"registry.terraform.io/hashicorp/aws\"]",
      "instances": [
        {
          "schema_version": 0,
          "attributes": {
            "arn": "arn:aws:iam::991782502676:policy/dev-email-policy",
            "description": "",
            "id": "arn:aws:iam::991782502676:policy/dev-email-policy",
            "name": "dev-email-policy",
            "name_prefix": null,
            "path": "/",
            "policy": "{\n  \"Version\": \"2012-10-17\",\n  \"Statement\": [\n    {\n      \"Action\": [\n        \"sqs:ReceiveMessage\",\"sqs:DeleteMessage\",\"sqs:GetQueueAttributes\"\n      ],\n      \"Effect\": \"Allow\",\n      \"Resource\": \"arn:aws:sqs:us-east-1:991782502676:dev-email-queue\"\n    },\n    {\n            \"Effect\": \"Allow\",\n            \"Action\": [\n                \"logs:CreateLogGroup\",\n                \"logs:CreateLogStream\",\n                \"logs:PutLogEvents\"\n            ],\n            \"Resource\": \"*\"\n    }\n  ]\n} "
          },
          "private": "bnVsbA==",
          "dependencies": [
            "module.notifications.aws_sqs_queue.email"
          ]
        }
      ]
    },
    {
      "module": "module.notifications",
      "mode": "managed",
      "type": "aws_iam_policy",
      "name": "sms_policy",
      "provider": "provider[\"registry.terraform.io/hashicorp/aws\"]",
      "instances": [
        {
          "schema_version": 0,
          "attributes": {
            "arn": "arn:aws:iam::991782502676:policy/dev-sms-policy",
            "description": "",
            "id": "arn:aws:iam::991782502676:policy/dev-sms-policy",
            "name": "dev-sms-policy",
            "name_prefix": null,
            "path": "/",
            "policy": "{\n  \"Version\": \"2012-10-17\",\n  \"Statement\": [\n    {\n      \"Action\": [\n        \"sqs:ReceiveMessage\",\"sqs:DeleteMessage\",\"sqs:GetQueueAttributes\"\n      ],\n      \"Effect\": \"Allow\",\n      \"Resource\": \"arn:aws:sqs:us-east-1:991782502676:dev-sms-queue\"\n    },\n    {\n            \"Effect\": \"Allow\",\n            \"Action\": [\n                \"logs:CreateLogGroup\",\n                \"logs:CreateLogStream\",\n                \"logs:PutLogEvents\"\n            ],\n            \"Resource\": \"*\"\n    }\n  ]\n} "
          },
          "private": "bnVsbA==",
          "dependencies": [
            "module.notifications.aws_sqs_queue.sms"
          ]
        }
      ]
    },
    {
      "module": "module.notifications",
      "mode": "managed",
      "type": "aws_iam_policy_attachment",
      "name": "email_policy_attachment",
      "provider": "provider[\"registry.terraform.io/hashicorp/aws\"]",
      "instances": [
        {
          "schema_version": 0,
          "attributes": {
            "groups": [],
            "id": "dev-email-attachment",
            "name": "dev-email-attachment",
            "policy_arn": "arn:aws:iam::991782502676:policy/dev-email-policy",
            "roles": [
              "dev-email-iam-role"
            ],
            "users": []
          },
          "private": "bnVsbA==",
          "dependencies": [
            "module.notifications.aws_iam_policy.email_policy",
            "module.notifications.aws_iam_role.email_iam_role",
            "module.notifications.aws_sqs_queue.email"
          ]
        }
      ]
    },
    {
      "module": "module.notifications",
      "mode": "managed",
      "type": "aws_iam_policy_attachment",
      "name": "sms_policy_attachment",
      "provider": "provider[\"registry.terraform.io/hashicorp/aws\"]",
      "instances": [
        {
          "schema_version": 0,
          "attributes": {
            "groups": [],
            "id": "dev-sms-attachment",
            "name": "dev-sms-attachment",
            "policy_arn": "arn:aws:iam::991782502676:policy/dev-sms-policy",
            "roles": [
              "dev-sms-iam-role"
            ],
            "users": []
          },
          "private": "bnVsbA==",
          "dependencies": [
            "module.notifications.aws_iam_policy.sms_policy",
            "module.notifications.aws_iam_role.sms_iam_role",
            "module.notifications.aws_sqs_queue.sms"
          ]
        }
      ]
    },
    {
      "module": "module.notifications",
      "mode": "managed",
      "type": "aws_iam_role",
      "name": "email_iam_role",
      "provider": "provider[\"registry.terraform.io/hashicorp/aws\"]",
      "instances": [
        {
          "schema_version": 0,
          "attributes": {
            "arn": "arn:aws:iam::991782502676:role/dev-email-iam-role",
            "assume_role_policy": "{\"Version\":\"2012-10-17\",\"Statement\":[{\"Sid\":\"\",\"Effect\":\"Allow\",\"Principal\":{\"Service\":\"lambda.amazonaws.com\"},\"Action\":\"sts:AssumeRole\"}]}",
            "create_date": "2020-09-27T18:31:40Z",
            "description": "",
            "force_detach_policies": false,
            "id": "dev-email-iam-role",
            "max_session_duration": 3600,
            "name": "dev-email-iam-role",
            "name_prefix": null,
            "path": "/",
            "permissions_boundary": null,
            "tags": {},
            "unique_id": "AROA6N2WYAEKMJ4JLRVIX"
          },
          "private": "bnVsbA=="
        }
      ]
    },
    {
      "module": "module.notifications",
      "mode": "managed",
      "type": "aws_iam_role",
      "name": "sms_iam_role",
      "provider": "provider[\"registry.terraform.io/hashicorp/aws\"]",
      "instances": [
        {
          "schema_version": 0,
          "attributes": {
            "arn": "arn:aws:iam::991782502676:role/dev-sms-iam-role",
            "assume_role_policy": "{\"Version\":\"2012-10-17\",\"Statement\":[{\"Sid\":\"\",\"Effect\":\"Allow\",\"Principal\":{\"Service\":\"lambda.amazonaws.com\"},\"Action\":\"sts:AssumeRole\"}]}",
            "create_date": "2020-09-27T18:31:38Z",
            "description": "",
            "force_detach_policies": false,
            "id": "dev-sms-iam-role",
            "max_session_duration": 3600,
            "name": "dev-sms-iam-role",
            "name_prefix": null,
            "path": "/",
            "permissions_boundary": null,
            "tags": {},
            "unique_id": "AROA6N2WYAEKO4KFTEEDT"
          },
          "private": "bnVsbA=="
        }
      ]
    },
    {
      "module": "module.notifications",
      "mode": "managed",
      "type": "aws_sns_topic",
      "name": "notifications",
      "provider": "provider[\"registry.terraform.io/hashicorp/aws\"]",
      "instances": [
        {
          "schema_version": 0,
          "attributes": {
            "application_failure_feedback_role_arn": "",
            "application_success_feedback_role_arn": "",
            "application_success_feedback_sample_rate": null,
            "arn": "arn:aws:sns:us-east-1:991782502676:dev-notifications",
            "delivery_policy": "",
            "display_name": "",
            "http_failure_feedback_role_arn": "",
            "http_success_feedback_role_arn": "",
            "http_success_feedback_sample_rate": null,
            "id": "arn:aws:sns:us-east-1:991782502676:dev-notifications",
            "kms_master_key_id": "",
            "lambda_failure_feedback_role_arn": "",
            "lambda_success_feedback_role_arn": "",
            "lambda_success_feedback_sample_rate": null,
            "name": "dev-notifications",
            "name_prefix": null,
            "policy": "{\"Version\":\"2008-10-17\",\"Id\":\"__default_policy_ID\",\"Statement\":[{\"Sid\":\"__default_statement_ID\",\"Effect\":\"Allow\",\"Principal\":{\"AWS\":\"*\"},\"Action\":[\"SNS:GetTopicAttributes\",\"SNS:SetTopicAttributes\",\"SNS:AddPermission\",\"SNS:RemovePermission\",\"SNS:DeleteTopic\",\"SNS:Subscribe\",\"SNS:ListSubscriptionsByTopic\",\"SNS:Publish\",\"SNS:Receive\"],\"Resource\":\"arn:aws:sns:us-east-1:991782502676:dev-notifications\",\"Condition\":{\"StringEquals\":{\"AWS:SourceOwner\":\"991782502676\"}}}]}",
            "sqs_failure_feedback_role_arn": "",
            "sqs_success_feedback_role_arn": "",
            "sqs_success_feedback_sample_rate": null,
            "tags": {}
          },
          "private": "bnVsbA=="
        }
      ]
    },
    {
      "module": "module.notifications",
      "mode": "managed",
      "type": "aws_sns_topic_subscription",
      "name": "email_subscription",
      "provider": "provider[\"registry.terraform.io/hashicorp/aws\"]",
      "instances": [
        {
          "schema_version": 0,
          "attributes": {
            "arn": "arn:aws:sns:us-east-1:991782502676:dev-notifications:3b3b09e5-6d3a-47d1-8d1d-5568efabde17",
            "confirmation_timeout_in_minutes": 1,
            "delivery_policy": "",
            "endpoint": "arn:aws:sqs:us-east-1:991782502676:dev-email-queue",
            "endpoint_auto_confirms": false,
            "filter_policy": "",
            "id": "arn:aws:sns:us-east-1:991782502676:dev-notifications:3b3b09e5-6d3a-47d1-8d1d-5568efabde17",
            "protocol": "sqs",
            "raw_message_delivery": false,
            "topic_arn": "arn:aws:sns:us-east-1:991782502676:dev-notifications"
          },
          "private": "bnVsbA==",
          "dependencies": [
            "data.aws_caller_identity.current",
            "module.notifications.aws_sns_topic.notifications",
            "module.notifications.aws_sqs_queue.email",
            "module.notifications.aws_sqs_queue.email_dlq"
          ]
        }
      ]
    },
    {
      "module": "module.notifications",
      "mode": "managed",
      "type": "aws_sns_topic_subscription",
      "name": "sms_subscription",
      "provider": "provider[\"registry.terraform.io/hashicorp/aws\"]",
      "instances": [
        {
          "schema_version": 0,
          "attributes": {
            "arn": "arn:aws:sns:us-east-1:991782502676:dev-notifications:f48d8277-9b9e-4ca8-8cb4-c798aa617111",
            "confirmation_timeout_in_minutes": 1,
            "delivery_policy": "",
            "endpoint": "arn:aws:sqs:us-east-1:991782502676:dev-sms-queue",
            "endpoint_auto_confirms": false,
            "filter_policy": "",
            "id": "arn:aws:sns:us-east-1:991782502676:dev-notifications:f48d8277-9b9e-4ca8-8cb4-c798aa617111",
            "protocol": "sqs",
            "raw_message_delivery": false,
            "topic_arn": "arn:aws:sns:us-east-1:991782502676:dev-notifications"
          },
          "private": "bnVsbA==",
          "dependencies": [
            "data.aws_caller_identity.current",
            "module.notifications.aws_sns_topic.notifications",
            "module.notifications.aws_sqs_queue.sms",
            "module.notifications.aws_sqs_queue.sms_dlq"
          ]
        }
      ]
    },
    {
      "module": "module.notifications",
      "mode": "managed",
      "type": "aws_sqs_queue",
      "name": "email",
      "provider": "provider[\"registry.terraform.io/hashicorp/aws\"]",
      "instances": [
        {
          "schema_version": 0,
          "attributes": {
            "arn": "arn:aws:sqs:us-east-1:991782502676:dev-email-queue",
            "content_based_deduplication": false,
            "delay_seconds": 0,
            "fifo_queue": false,
            "id": "https://sqs.us-east-1.amazonaws.com/991782502676/dev-email-queue",
            "kms_data_key_reuse_period_seconds": 300,
            "kms_master_key_id": "",
            "max_message_size": 262144,
            "message_retention_seconds": 345600,
            "name": "dev-email-queue",
            "name_prefix": null,
            "policy": "{\"Version\":\"2012-10-17\",\"Statement\":[{\"Effect\":\"Allow\",\"Principal\":\"*\",\"Action\":\"sqs:SendMessage\",\"Resource\":\"arn:aws:sqs:us-east-1:991782502676:dev-email-queue\",\"Condition\":{\"ArnEquals\":{\"aws:SourceArn\":\"arn:aws:sns:us-east-1:991782502676:dev-notifications\"}}}]}",
            "receive_wait_time_seconds": 0,
            "redrive_policy": "{\"deadLetterTargetArn\":\"arn:aws:sqs:us-east-1:991782502676:dev-email-queue-dlq\",\"maxReceiveCount\":3}",
            "tags": {},
            "visibility_timeout_seconds": 30
          },
          "private": "bnVsbA==",
          "dependencies": [
            "data.aws_caller_identity.current",
            "module.notifications.aws_sns_topic.notifications",
            "module.notifications.aws_sqs_queue.email_dlq"
          ]
        }
      ]
    },
    {
      "module": "module.notifications",
      "mode": "managed",
      "type": "aws_sqs_queue",
      "name": "email_dlq",
      "provider": "provider[\"registry.terraform.io/hashicorp/aws\"]",
      "instances": [
        {
          "schema_version": 0,
          "attributes": {
            "arn": "arn:aws:sqs:us-east-1:991782502676:dev-email-queue-dlq",
            "content_based_deduplication": false,
            "delay_seconds": 0,
            "fifo_queue": false,
            "id": "https://sqs.us-east-1.amazonaws.com/991782502676/dev-email-queue-dlq",
            "kms_data_key_reuse_period_seconds": 300,
            "kms_master_key_id": "",
            "max_message_size": 262144,
            "message_retention_seconds": 345600,
            "name": "dev-email-queue-dlq",
            "name_prefix": null,
            "policy": "",
            "receive_wait_time_seconds": 0,
            "redrive_policy": "",
            "tags": {},
            "visibility_timeout_seconds": 30
          },
          "private": "bnVsbA=="
        }
      ]
    },
    {
      "module": "module.notifications",
      "mode": "managed",
      "type": "aws_sqs_queue",
      "name": "sms",
      "provider": "provider[\"registry.terraform.io/hashicorp/aws\"]",
      "instances": [
        {
          "schema_version": 0,
          "attributes": {
            "arn": "arn:aws:sqs:us-east-1:991782502676:dev-sms-queue",
            "content_based_deduplication": false,
            "delay_seconds": 0,
            "fifo_queue": false,
            "id": "https://sqs.us-east-1.amazonaws.com/991782502676/dev-sms-queue",
            "kms_data_key_reuse_period_seconds": 300,
            "kms_master_key_id": "",
            "max_message_size": 262144,
            "message_retention_seconds": 345600,
            "name": "dev-sms-queue",
            "name_prefix": null,
            "policy": "{\"Version\":\"2012-10-17\",\"Statement\":[{\"Effect\":\"Allow\",\"Principal\":\"*\",\"Action\":\"sqs:SendMessage\",\"Resource\":\"arn:aws:sqs:us-east-1:991782502676:dev-sms-queue\",\"Condition\":{\"ArnEquals\":{\"aws:SourceArn\":\"arn:aws:sns:us-east-1:991782502676:dev-notifications\"}}}]}",
            "receive_wait_time_seconds": 0,
            "redrive_policy": "{\"deadLetterTargetArn\":\"arn:aws:sqs:us-east-1:991782502676:dev-sms-queue-dlq\",\"maxReceiveCount\":3}",
            "tags": {},
            "visibility_timeout_seconds": 30
          },
          "private": "bnVsbA==",
          "dependencies": [
            "data.aws_caller_identity.current",
            "module.notifications.aws_sns_topic.notifications",
            "module.notifications.aws_sqs_queue.sms_dlq"
          ]
        }
      ]
    },
    {
      "module": "module.notifications",
      "mode": "managed",
      "type": "aws_sqs_queue",
      "name": "sms_dlq",
      "provider": "provider[\"registry.terraform.io/hashicorp/aws\"]",
      "instances": [
        {
          "schema_version": 0,
          "attributes": {
            "arn": "arn:aws:sqs:us-east-1:991782502676:dev-sms-queue-dlq",
            "content_based_deduplication": false,
            "delay_seconds": 0,
            "fifo_queue": false,
            "id": "https://sqs.us-east-1.amazonaws.com/991782502676/dev-sms-queue-dlq",
            "kms_data_key_reuse_period_seconds": 300,
            "kms_master_key_id": "",
            "max_message_size": 262144,
            "message_retention_seconds": 345600,
            "name": "dev-sms-queue-dlq",
            "name_prefix": null,
            "policy": "",
            "receive_wait_time_seconds": 0,
            "redrive_policy": "",
            "tags": {},
            "visibility_timeout_seconds": 30
          },
          "private": "bnVsbA=="
        }
      ]
    },
    {
      "module": "module.notifications",
      "mode": "managed",
      "type": "aws_ssm_parameter",
      "name": "email-sqs",
      "provider": "provider[\"registry.terraform.io/hashicorp/aws\"]",
      "instances": [
        {
          "schema_version": 0,
          "attributes": {
            "allowed_pattern": "",
            "arn": "arn:aws:ssm:us-east-1:991782502676:parameter/dev-email-sqs",
            "data_type": "text",
            "description": "",
            "id": "dev-email-sqs",
            "key_id": "",
            "name": "dev-email-sqs",
            "overwrite": null,
            "tags": {},
            "tier": "Standard",
            "type": "String",
            "value": "arn:aws:sqs:us-east-1:991782502676:dev-email-queue",
            "version": 1
          },
          "private": "bnVsbA==",
          "dependencies": [
            "data.aws_caller_identity.current",
            "module.notifications.aws_sns_topic.notifications",
            "module.notifications.aws_sqs_queue.email",
            "module.notifications.aws_sqs_queue.email_dlq"
          ]
        }
      ]
    },
    {
      "module": "module.notifications",
      "mode": "managed",
      "type": "aws_ssm_parameter",
      "name": "email_iam_role",
      "provider": "provider[\"registry.terraform.io/hashicorp/aws\"]",
      "instances": [
        {
          "schema_version": 0,
          "attributes": {
            "allowed_pattern": "",
            "arn": "arn:aws:ssm:us-east-1:991782502676:parameter/dev-email-iam-role",
            "data_type": "text",
            "description": "",
            "id": "dev-email-iam-role",
            "key_id": "",
            "name": "dev-email-iam-role",
            "overwrite": null,
            "tags": {},
            "tier": "Standard",
            "type": "String",
            "value": "arn:aws:iam::991782502676:role/dev-email-iam-role",
            "version": 1
          },
          "private": "bnVsbA==",
          "dependencies": [
            "module.notifications.aws_iam_role.email_iam_role"
          ]
        }
      ]
    },
    {
      "module": "module.notifications",
      "mode": "managed",
      "type": "aws_ssm_parameter",
      "name": "notifications_topic",
      "provider": "provider[\"registry.terraform.io/hashicorp/aws\"]",
      "instances": [
        {
          "schema_version": 0,
          "attributes": {
            "allowed_pattern": "",
            "arn": "arn:aws:ssm:us-east-1:991782502676:parameter/dev-notification-topic",
            "data_type": "text",
            "description": "",
            "id": "dev-notification-topic",
            "key_id": "",
            "name": "dev-notification-topic",
            "overwrite": null,
            "tags": {},
            "tier": "Standard",
            "type": "String",
            "value": "arn:aws:sns:us-east-1:991782502676:dev-notifications",
            "version": 1
          },
          "private": "bnVsbA==",
          "dependencies": [
            "module.notifications.aws_sns_topic.notifications"
          ]
        }
      ]
    },
    {
      "module": "module.notifications",
      "mode": "managed",
      "type": "aws_ssm_parameter",
      "name": "sms-sqs",
      "provider": "provider[\"registry.terraform.io/hashicorp/aws\"]",
      "instances": [
        {
          "schema_version": 0,
          "attributes": {
            "allowed_pattern": "",
            "arn": "arn:aws:ssm:us-east-1:991782502676:parameter/dev-sms-sqs",
            "data_type": "text",
            "description": "",
            "id": "dev-sms-sqs",
            "key_id": "",
            "name": "dev-sms-sqs",
            "overwrite": null,
            "tags": {},
            "tier": "Standard",
            "type": "String",
            "value": "arn:aws:sqs:us-east-1:991782502676:dev-sms-queue",
            "version": 1
          },
          "private": "bnVsbA==",
          "dependencies": [
            "data.aws_caller_identity.current",
            "module.notifications.aws_sns_topic.notifications",
            "module.notifications.aws_sqs_queue.sms",
            "module.notifications.aws_sqs_queue.sms_dlq"
          ]
        }
      ]
    },
    {
      "module": "module.notifications",
      "mode": "managed",
      "type": "aws_ssm_parameter",
      "name": "sms_iam_role",
      "provider": "provider[\"registry.terraform.io/hashicorp/aws\"]",
      "instances": [
        {
          "schema_version": 0,
          "attributes": {
            "allowed_pattern": "",
            "arn": "arn:aws:ssm:us-east-1:991782502676:parameter/dev-sms-iam-role",
            "data_type": "text",
            "description": "",
            "id": "dev-sms-iam-role",
            "key_id": "",
            "name": "dev-sms-iam-role",
            "overwrite": null,
            "tags": {},
            "tier": "Standard",
            "type": "String",
            "value": "arn:aws:iam::991782502676:role/dev-sms-iam-role",
            "version": 1
          },
          "private": "bnVsbA==",
          "dependencies": [
            "module.notifications.aws_iam_role.sms_iam_role"
          ]
        }
      ]
    },
    {
      "module": "module.system",
      "mode": "managed",
      "type": "aws_ssm_parameter",
      "name": "email_from",
      "provider": "provider[\"registry.terraform.io/hashicorp/aws\"]",
      "instances": [
        {
          "schema_version": 0,
          "attributes": {
            "allowed_pattern": "",
            "arn": "arn:aws:ssm:us-east-1:991782502676:parameter/dev-email-from",
            "data_type": "text",
            "description": "",
            "id": "dev-email-from",
            "key_id": "",
            "name": "dev-email-from",
            "overwrite": null,
            "tags": {},
            "tier": "Standard",
            "type": "String",
            "value": "rafael.barbosa@zohomail.com",
            "version": 2
          },
          "private": "bnVsbA=="
        }
      ]
    },
    {
      "module": "module.system",
      "mode": "managed",
      "type": "aws_ssm_parameter",
      "name": "email_from_password",
      "provider": "provider[\"registry.terraform.io/hashicorp/aws\"]",
      "instances": [
        {
          "schema_version": 0,
          "attributes": {
            "allowed_pattern": "",
            "arn": "arn:aws:ssm:us-east-1:991782502676:parameter/dev-email-from-password",
            "data_type": "text",
            "description": "",
            "id": "dev-email-from-password",
            "key_id": "",
            "name": "dev-email-from-password",
            "overwrite": null,
            "tags": {},
            "tier": "Standard",
            "type": "String",
            "value": "terraform-serverless",
            "version": 4
          },
          "private": "bnVsbA=="
        }
      ]
    },
    {
      "module": "module.system",
      "mode": "managed",
      "type": "aws_ssm_parameter",
      "name": "email_to",
      "provider": "provider[\"registry.terraform.io/hashicorp/aws\"]",
      "instances": [
        {
          "schema_version": 0,
          "attributes": {
            "allowed_pattern": "",
            "arn": "arn:aws:ssm:us-east-1:991782502676:parameter/dev-email-to",
            "data_type": "text",
            "description": "",
            "id": "dev-email-to",
            "key_id": "",
            "name": "dev-email-to",
            "overwrite": null,
            "tags": {},
            "tier": "Standard",
            "type": "String",
            "value": "fefax51563@vmgmails.com",
            "version": 3
          },
          "private": "bnVsbA=="
        }
      ]
    },
    {
      "module": "module.system",
      "mode": "managed",
      "type": "aws_ssm_parameter",
      "name": "message-bird-api-key",
      "provider": "provider[\"registry.terraform.io/hashicorp/aws\"]",
      "instances": [
        {
          "schema_version": 0,
          "attributes": {
            "allowed_pattern": "",
            "arn": "arn:aws:ssm:us-east-1:991782502676:parameter/dev-message-bird-api-key",
            "data_type": "text",
            "description": "",
            "id": "dev-message-bird-api-key",
            "key_id": "",
            "name": "dev-message-bird-api-key",
            "overwrite": null,
            "tags": {},
            "tier": "Standard",
            "type": "String",
            "value": "aKfmFahr7ASmUhRJTVwrZ6Iom",
            "version": 3
          },
          "private": "bnVsbA=="
        }
      ]
    },
    {
      "module": "module.system",
      "mode": "managed",
      "type": "aws_ssm_parameter",
      "name": "sms-phone-from",
      "provider": "provider[\"registry.terraform.io/hashicorp/aws\"]",
      "instances": [
        {
          "schema_version": 0,
          "attributes": {
            "allowed_pattern": "",
            "arn": "arn:aws:ssm:us-east-1:991782502676:parameter/dev-sms-phone-from",
            "data_type": "text",
            "description": "",
            "id": "dev-sms-phone-from",
            "key_id": "",
            "name": "dev-sms-phone-from",
            "overwrite": null,
            "tags": {},
            "tier": "Standard",
            "type": "String",
            "value": "+5519981827622",
            "version": 2
          },
          "private": "bnVsbA=="
        }
      ]
    },
    {
      "module": "module.system",
      "mode": "managed",
      "type": "aws_ssm_parameter",
      "name": "sms-phone-to",
      "provider": "provider[\"registry.terraform.io/hashicorp/aws\"]",
      "instances": [
        {
          "schema_version": 0,
          "attributes": {
            "allowed_pattern": "",
            "arn": "arn:aws:ssm:us-east-1:991782502676:parameter/dev-sms-phone-to",
            "data_type": "text",
            "description": "",
            "id": "dev-sms-phone-to",
            "key_id": "",
            "name": "dev-sms-phone-to",
            "overwrite": null,
            "tags": {},
            "tier": "Standard",
            "type": "String",
            "value": "+5519981827622",
            "version": 2
          },
          "private": "bnVsbA=="
        }
      ]
    },
    {
      "module": "module.system",
      "mode": "managed",
      "type": "aws_ssm_parameter",
      "name": "smtp_server",
      "provider": "provider[\"registry.terraform.io/hashicorp/aws\"]",
      "instances": [
        {
          "schema_version": 0,
          "attributes": {
            "allowed_pattern": "",
            "arn": "arn:aws:ssm:us-east-1:991782502676:parameter/dev-smtp-server",
            "data_type": "text",
            "description": "",
            "id": "dev-smtp-server",
            "key_id": "",
            "name": "dev-smtp-server",
            "overwrite": null,
            "tags": {},
            "tier": "Standard",
            "type": "String",
            "value": "smtp.zoho.com",
            "version": 1
          },
          "private": "bnVsbA=="
        }
      ]
    },
    {
      "module": "module.users",
      "mode": "managed",
      "type": "aws_dynamodb_table",
      "name": "users",
      "provider": "provider[\"registry.terraform.io/hashicorp/aws\"]",
      "instances": [
        {
          "schema_version": 1,
          "attributes": {
            "arn": "arn:aws:dynamodb:us-east-1:991782502676:table/dev-users",
            "attribute": [
              {
                "name": "email",
                "type": "S"
              },
              {
                "name": "id",
                "type": "S"
              }
            ],
            "billing_mode": "PROVISIONED",
            "global_secondary_index": [
              {
                "hash_key": "email",
                "name": "dev-email-gsi",
                "non_key_attributes": [],
                "projection_type": "ALL",
                "range_key": "",
                "read_capacity": 1,
                "write_capacity": 1
              }
            ],
            "hash_key": "id",
            "id": "dev-users",
            "local_secondary_index": [],
            "name": "dev-users",
            "point_in_time_recovery": [
              {
                "enabled": false
              }
            ],
            "range_key": null,
            "read_capacity": 1,
            "replica": [],
            "server_side_encryption": [],
            "stream_arn": "",
            "stream_enabled": false,
            "stream_label": "",
            "stream_view_type": "",
            "tags": {},
            "timeouts": null,
            "ttl": [
              {
                "attribute_name": "",
                "enabled": false
              }
            ],
            "write_capacity": 1
          },
          "private": "eyJlMmJmYjczMC1lY2FhLTExZTYtOGY4OC0zNDM2M2JjN2M0YzAiOnsiY3JlYXRlIjo2MDAwMDAwMDAwMDAsImRlbGV0ZSI6NjAwMDAwMDAwMDAwLCJ1cGRhdGUiOjM2MDAwMDAwMDAwMDB9LCJzY2hlbWFfdmVyc2lvbiI6IjEifQ=="
        }
      ]
    },
    {
      "module": "module.users",
      "mode": "managed",
      "type": "aws_dynamodb_table_item",
      "name": "admin",
      "provider": "provider[\"registry.terraform.io/hashicorp/aws\"]",
      "instances": [
        {
          "schema_version": 0,
          "attributes": {
            "hash_key": "id",
            "id": "dev-users|id||31d089d8-973d-4933-9d24-d9f7c3ffc5bf|",
            "item": "{\n  \"id\": {\"S\": \"31d089d8-973d-4933-9d24-d9f7c3ffc5bf\"},\n  \"email\": {\"S\": \"administrator@zohomail.com\"},\n  \"password\": {\"S\": \"$2y$12$rdSObC080oApL5Jh711AbeL9rzBG98ZUQvs0hLbj3T2/jj3FJdoGe\"},\n  \"role\": {\"S\": \"ADMIN\"},\n  \"name\": {\"S\": \"Administrator\"}\n}\n",
            "range_key": null,
            "table_name": "dev-users"
          },
          "private": "bnVsbA==",
          "dependencies": [
            "module.users.aws_dynamodb_table.users"
          ]
        }
      ]
    },
    {
      "module": "module.users",
      "mode": "managed",
      "type": "aws_iam_policy",
      "name": "login_policy",
      "provider": "provider[\"registry.terraform.io/hashicorp/aws\"]",
      "instances": [
        {
          "schema_version": 0,
          "attributes": {
            "arn": "arn:aws:iam::991782502676:policy/dev-login-policy",
            "description": "",
            "id": "arn:aws:iam::991782502676:policy/dev-login-policy",
            "name": "dev-login-policy",
            "name_prefix": null,
            "path": "/",
            "policy": "{\n  \"Version\": \"2012-10-17\",\n  \"Statement\": [\n    {\n      \"Action\": [\n        \"dynamodb:Query\"\n      ],\n      \"Effect\": \"Allow\",\n      \"Resource\": \"arn:aws:dynamodb:us-east-1:991782502676:table/dev-users/index/dev-email-gsi\"\n    },\n    {\n        \"Effect\": \"Allow\",\n        \"Action\": [\n            \"logs:CreateLogGroup\",\n            \"logs:CreateLogStream\",\n            \"logs:PutLogEvents\"\n        ],\n        \"Resource\": \"*\"\n    }\n  ]\n} "
          },
          "private": "bnVsbA==",
          "dependencies": [
            "module.users.aws_dynamodb_table.users"
          ]
        }
      ]
    },
    {
      "module": "module.users",
      "mode": "managed",
      "type": "aws_iam_policy",
      "name": "register_policy",
      "provider": "provider[\"registry.terraform.io/hashicorp/aws\"]",
      "instances": [
        {
          "schema_version": 0,
          "attributes": {
            "arn": "arn:aws:iam::991782502676:policy/dev-register-policy",
            "description": "",
            "id": "arn:aws:iam::991782502676:policy/dev-register-policy",
            "name": "dev-register-policy",
            "name_prefix": null,
            "path": "/",
            "policy": "{\n  \"Version\": \"2012-10-17\",\n  \"Statement\": [\n    {\n      \"Action\": [\n        \"dynamodb:PutItem\"\n      ],\n      \"Effect\": \"Allow\",\n      \"Resource\": \"arn:aws:dynamodb:us-east-1:991782502676:table/dev-users\"\n    },\n    {\n        \"Effect\": \"Allow\",\n        \"Action\": [\n            \"logs:CreateLogGroup\",\n            \"logs:CreateLogStream\",\n            \"logs:PutLogEvents\"\n        ],\n        \"Resource\": \"*\"\n    }\n  ]\n} "
          },
          "private": "bnVsbA==",
          "dependencies": [
            "module.users.aws_dynamodb_table.users"
          ]
        }
      ]
    },
    {
      "module": "module.users",
      "mode": "managed",
      "type": "aws_iam_policy_attachment",
      "name": "login_policy_attachment",
      "provider": "provider[\"registry.terraform.io/hashicorp/aws\"]",
      "instances": [
        {
          "schema_version": 0,
          "attributes": {
            "groups": [],
            "id": "dev-login-attachment",
            "name": "dev-login-attachment",
            "policy_arn": "arn:aws:iam::991782502676:policy/dev-login-policy",
            "roles": [
              "dev-login-iam-role"
            ],
            "users": []
          },
          "private": "bnVsbA==",
          "dependencies": [
            "module.users.aws_dynamodb_table.users",
            "module.users.aws_iam_policy.login_policy",
            "module.users.aws_iam_role.login_iam_role"
          ]
        }
      ]
    },
    {
      "module": "module.users",
      "mode": "managed",
      "type": "aws_iam_policy_attachment",
      "name": "register_policy_attachment",
      "provider": "provider[\"registry.terraform.io/hashicorp/aws\"]",
      "instances": [
        {
          "schema_version": 0,
          "attributes": {
            "groups": [],
            "id": "dev-register-attachment",
            "name": "dev-register-attachment",
            "policy_arn": "arn:aws:iam::991782502676:policy/dev-register-policy",
            "roles": [
              "dev-register-iam-role"
            ],
            "users": []
          },
          "private": "bnVsbA==",
          "dependencies": [
            "module.users.aws_dynamodb_table.users",
            "module.users.aws_iam_policy.register_policy",
            "module.users.aws_iam_role.register_iam_role"
          ]
        }
      ]
    },
    {
      "module": "module.users",
      "mode": "managed",
      "type": "aws_iam_role",
      "name": "login_iam_role",
      "provider": "provider[\"registry.terraform.io/hashicorp/aws\"]",
      "instances": [
        {
          "schema_version": 0,
          "attributes": {
            "arn": "arn:aws:iam::991782502676:role/dev-login-iam-role",
            "assume_role_policy": "{\"Version\":\"2012-10-17\",\"Statement\":[{\"Sid\":\"\",\"Effect\":\"Allow\",\"Principal\":{\"Service\":\"lambda.amazonaws.com\"},\"Action\":\"sts:AssumeRole\"}]}",
            "create_date": "2020-09-27T18:31:38Z",
            "description": "",
            "force_detach_policies": false,
            "id": "dev-login-iam-role",
            "max_session_duration": 3600,
            "name": "dev-login-iam-role",
            "name_prefix": null,
            "path": "/",
            "permissions_boundary": null,
            "tags": {},
            "unique_id": "AROA6N2WYAEKABX52BYDW"
          },
          "private": "bnVsbA=="
        }
      ]
    },
    {
      "module": "module.users",
      "mode": "managed",
      "type": "aws_iam_role",
      "name": "register_iam_role",
      "provider": "provider[\"registry.terraform.io/hashicorp/aws\"]",
      "instances": [
        {
          "schema_version": 0,
          "attributes": {
            "arn": "arn:aws:iam::991782502676:role/dev-register-iam-role",
            "assume_role_policy": "{\"Version\":\"2012-10-17\",\"Statement\":[{\"Sid\":\"\",\"Effect\":\"Allow\",\"Principal\":{\"Service\":\"lambda.amazonaws.com\"},\"Action\":\"sts:AssumeRole\"}]}",
            "create_date": "2020-09-27T18:31:40Z",
            "description": "",
            "force_detach_policies": false,
            "id": "dev-register-iam-role",
            "max_session_duration": 3600,
            "name": "dev-register-iam-role",
            "name_prefix": null,
            "path": "/",
            "permissions_boundary": null,
            "tags": {},
            "unique_id": "AROA6N2WYAEKMNTWK7NSV"
          },
          "private": "bnVsbA=="
        }
      ]
    },
    {
      "module": "module.users",
      "mode": "managed",
      "type": "aws_ssm_parameter",
      "name": "dynamodb_users_table",
      "provider": "provider[\"registry.terraform.io/hashicorp/aws\"]",
      "instances": [
        {
          "schema_version": 0,
          "attributes": {
            "allowed_pattern": "",
            "arn": "arn:aws:ssm:us-east-1:991782502676:parameter/dev-dynamodb-users-table",
            "data_type": "text",
            "description": "",
            "id": "dev-dynamodb-users-table",
            "key_id": "",
            "name": "dev-dynamodb-users-table",
            "overwrite": null,
            "tags": {},
            "tier": "Standard",
            "type": "String",
            "value": "dev-users",
            "version": 1
          },
          "private": "bnVsbA==",
          "dependencies": [
            "module.users.aws_dynamodb_table.users"
          ]
        }
      ]
    },
    {
      "module": "module.users",
      "mode": "managed",
      "type": "aws_ssm_parameter",
      "name": "email-gsi",
      "provider": "provider[\"registry.terraform.io/hashicorp/aws\"]",
      "instances": [
        {
          "schema_version": 0,
          "attributes": {
            "allowed_pattern": "",
            "arn": "arn:aws:ssm:us-east-1:991782502676:parameter/dev-email-gsi",
            "data_type": "text",
            "description": "",
            "id": "dev-email-gsi",
            "key_id": "",
            "name": "dev-email-gsi",
            "overwrite": null,
            "tags": {},
            "tier": "Standard",
            "type": "String",
            "value": "dev-email-gsi",
            "version": 1
          },
          "private": "bnVsbA=="
        }
      ]
    },
    {
      "module": "module.users",
      "mode": "managed",
      "type": "aws_ssm_parameter",
      "name": "jwt_secret",
      "provider": "provider[\"registry.terraform.io/hashicorp/aws\"]",
      "instances": [
        {
          "schema_version": 0,
          "attributes": {
            "allowed_pattern": "",
            "arn": "arn:aws:ssm:us-east-1:991782502676:parameter/dev-jwt-secret",
            "data_type": "text",
            "description": "",
            "id": "dev-jwt-secret",
            "key_id": "",
            "name": "dev-jwt-secret",
            "overwrite": null,
            "tags": {},
            "tier": "Standard",
            "type": "String",
            "value": "5v6ss72GkQD9DE/Ga4xlB5h9sY9svLycABUrLC91cgI=",
            "version": 2
          },
          "private": "bnVsbA=="
        }
      ]
    },
    {
      "module": "module.users",
      "mode": "managed",
      "type": "aws_ssm_parameter",
      "name": "login_iam_role",
      "provider": "provider[\"registry.terraform.io/hashicorp/aws\"]",
      "instances": [
        {
          "schema_version": 0,
          "attributes": {
            "allowed_pattern": "",
            "arn": "arn:aws:ssm:us-east-1:991782502676:parameter/dev-login-iam-role",
            "data_type": "text",
            "description": "",
            "id": "dev-login-iam-role",
            "key_id": "",
            "name": "dev-login-iam-role",
            "overwrite": null,
            "tags": {},
            "tier": "Standard",
            "type": "String",
            "value": "arn:aws:iam::991782502676:role/dev-login-iam-role",
            "version": 1
          },
          "private": "bnVsbA==",
          "dependencies": [
            "module.users.aws_iam_role.login_iam_role"
          ]
        }
      ]
    },
    {
      "module": "module.users",
      "mode": "managed",
      "type": "aws_ssm_parameter",
      "name": "register_iam_role",
      "provider": "provider[\"registry.terraform.io/hashicorp/aws\"]",
      "instances": [
        {
          "schema_version": 0,
          "attributes": {
            "allowed_pattern": "",
            "arn": "arn:aws:ssm:us-east-1:991782502676:parameter/dev-register-iam-role",
            "data_type": "text",
            "description": "",
            "id": "dev-register-iam-role",
            "key_id": "",
            "name": "dev-register-iam-role",
            "overwrite": null,
            "tags": {},
            "tier": "Standard",
            "type": "String",
            "value": "arn:aws:iam::991782502676:role/dev-register-iam-role",
            "version": 1
          },
          "private": "bnVsbA==",
          "dependencies": [
            "module.users.aws_iam_role.register_iam_role"
          ]
        }
      ]
    }
  ]
}
